
Microsoft Visual Studio Solution File, Format Version 12.00
# Visual Studio Version 17
VisualStudioVersion = 17.1.32421.90
MinimumVisualStudioVersion = 10.0.40219.1
Project("{9A19103F-16F7-4668-BE54-9A1E7A4F7556}") = "UI_Layer", "UI_Layer\UI_Layer.csproj", "{63AF0513-4F3F-4E92-9E7E-AF38289685C8}"
EndProject
Project("{9A19103F-16F7-4668-BE54-9A1E7A4F7556}") = "Network_Layer", "Network_Layer\Network_Layer.csproj", "{A9AE9D77-51F1-44E7-98B2-D093C5491584}"
EndProject
Project("{FAE04EC0-301F-11D3-BF4B-00C04F79EFBC}") = "Logic_Layer", "Logic_Layer\Logic_Layer.csproj", "{AC2AD912-0D2D-4516-ABDA-A7D84F24E015}"
EndProject
Project("{FAE04EC0-301F-11D3-BF4B-00C04F79EFBC}") = "LogicTest", "LogicTest\LogicTest.csproj", "{34FCD77B-2A4F-4ECF-88F0-37986966225C}"
EndProject
Global
	GlobalSection(SolutionConfigurationPlatforms) = preSolution
		Debug|Any CPU = Debug|Any CPU
		Release|Any CPU = Release|Any CPU
	EndGlobalSection
	GlobalSection(ProjectConfigurationPlatforms) = postSolution
		{63AF0513-4F3F-4E92-9E7E-AF38289685C8}.Debug|Any CPU.ActiveCfg = Debug|Any CPU
		{63AF0513-4F3F-4E92-9E7E-AF38289685C8}.Debug|Any CPU.Build.0 = Debug|Any CPU
		{63AF0513-4F3F-4E92-9E7E-AF38289685C8}.Release|Any CPU.ActiveCfg = Release|Any CPU
		{63AF0513-4F3F-4E92-9E7E-AF38289685C8}.Release|Any CPU.Build.0 = Release|Any CPU
		{A9AE9D77-51F1-44E7-98B2-D093C5491584}.Debug|Any CPU.ActiveCfg = Debug|Any CPU
		{A9AE9D77-51F1-44E7-98B2-D093C5491584}.Debug|Any CPU.Build.0 = Debug|Any CPU
		{A9AE9D77-51F1-44E7-98B2-D093C5491584}.Release|Any CPU.ActiveCfg = Release|Any CPU
		{A9AE9D77-51F1-44E7-98B2-D093C5491584}.Release|Any CPU.Build.0 = Release|Any CPU
		{AC2AD912-0D2D-4516-ABDA-A7D84F24E015}.Debug|Any CPU.ActiveCfg = Debug|Any CPU
		{AC2AD912-0D2D-4516-ABDA-A7D84F24E015}.Debug|Any CPU.Build.0 = Debug|Any CPU
		{AC2AD912-0D2D-4516-ABDA-A7D84F24E015}.Release|Any CPU.ActiveCfg = Release|Any CPU
		{AC2AD912-0D2D-4516-ABDA-A7D84F24E015}.Release|Any CPU.Build.0 = Release|Any CPU
		{34FCD77B-2A4F-4ECF-88F0-37986966225C}.Debug|Any CPU.ActiveCfg = Debug|Any CPU
		{34FCD77B-2A4F-4ECF-88F0-37986966225C}.Debug|Any CPU.Build.0 = Debug|Any CPU
		{34FCD77B-2A4F-4ECF-88F0-37986966225C}.Release|Any CPU.ActiveCfg = Release|Any CPU
		{34FCD77B-2A4F-4ECF-88F0-37986966225C}.Release|Any CPU.Build.0 = Release|Any CPU
	EndGlobalSection
	GlobalSection(SolutionProperties) = preSolution
		HideSolutionNode = FALSE
	EndGlobalSection
	GlobalSection(ExtensibilityGlobals) = postSolution
		SolutionGuid = {07415B7E-58F6-4A64-855D-D0825A40D401}
	EndGlobalSection
EndGlobal
